// !$*UTF8*$!
{
	archiveVersion = 1;
	classes = {
	};
	objectVersion = 50;
	objects = {

/* Begin PBXBuildFile section */
		3C28D7B8267A293A005461D7 /* AppDelegate.swift in Sources */ = {isa = PBXBuildFile; fileRef = 3C28D7B7267A293A005461D7 /* AppDelegate.swift */; };
		3C28D7BA267A293A005461D7 /* SceneDelegate.swift in Sources */ = {isa = PBXBuildFile; fileRef = 3C28D7B9267A293A005461D7 /* SceneDelegate.swift */; };
		3C28D7BC267A293A005461D7 /* ViewController.swift in Sources */ = {isa = PBXBuildFile; fileRef = 3C28D7BB267A293A005461D7 /* ViewController.swift */; };
		3C28D7BF267A293A005461D7 /* Main.storyboard in Resources */ = {isa = PBXBuildFile; fileRef = 3C28D7BD267A293A005461D7 /* Main.storyboard */; };
		3C28D7C1267A293D005461D7 /* Assets.xcassets in Resources */ = {isa = PBXBuildFile; fileRef = 3C28D7C0267A293D005461D7 /* Assets.xcassets */; };
		3C28D7C4267A293D005461D7 /* LaunchScreen.storyboard in Resources */ = {isa = PBXBuildFile; fileRef = 3C28D7C2267A293D005461D7 /* LaunchScreen.storyboard */; };
		3C28D7D0267A312E005461D7 /* SettingsController.swift in Sources */ = {isa = PBXBuildFile; fileRef = 3C28D7CF267A312E005461D7 /* SettingsController.swift */; };
		3C28D7D4267A3164005461D7 /* WeatherMapController.swift in Sources */ = {isa = PBXBuildFile; fileRef = 3C28D7D3267A3164005461D7 /* WeatherMapController.swift */; };
		3C28D7D7267A3184005461D7 /* ForecastController.swift in Sources */ = {isa = PBXBuildFile; fileRef = 3C28D7D6267A3184005461D7 /* ForecastController.swift */; };
		3C28D7DA267A3785005461D7 /* FavoritesController.swift in Sources */ = {isa = PBXBuildFile; fileRef = 3C28D7D9267A3785005461D7 /* FavoritesController.swift */; };
		3C6BCACF268A527400CC8D6B /* FavoriteCell.swift in Sources */ = {isa = PBXBuildFile; fileRef = 3C6BCACE268A527400CC8D6B /* FavoriteCell.swift */; };
		3C8C0E14267A4CD2003E2B45 /* Service.swift in Sources */ = {isa = PBXBuildFile; fileRef = 3C8C0E13267A4CD2003E2B45 /* Service.swift */; };
		3C8C0E17267A54AC003E2B45 /* SettingsCell.swift in Sources */ = {isa = PBXBuildFile; fileRef = 3C8C0E16267A54AC003E2B45 /* SettingsCell.swift */; };
		3C8C0E1F267A6F27003E2B45 /* Extensions.swift in Sources */ = {isa = PBXBuildFile; fileRef = 3C8C0E1E267A6F27003E2B45 /* Extensions.swift */; };
		3C8C0E22267A73AC003E2B45 /* SettingsRow.swift in Sources */ = {isa = PBXBuildFile; fileRef = 3C8C0E21267A73AC003E2B45 /* SettingsRow.swift */; };
		3C96A01C267B31A900ECEE46 /* SetSettingController.swift in Sources */ = {isa = PBXBuildFile; fileRef = 3C96A01B267B31A900ECEE46 /* SetSettingController.swift */; };
		3C96A022267E025C00ECEE46 /* DummyData.swift in Sources */ = {isa = PBXBuildFile; fileRef = 3C96A021267E025C00ECEE46 /* DummyData.swift */; };
		3C96A025267F539100ECEE46 /* Weather.swift in Sources */ = {isa = PBXBuildFile; fileRef = 3C96A024267F539100ECEE46 /* Weather.swift */; };
		3C96A02D267F599D00ECEE46 /* WeatherManager.swift in Sources */ = {isa = PBXBuildFile; fileRef = 3C96A02C267F599D00ECEE46 /* WeatherManager.swift */; };
		3C96A03026851CAD00ECEE46 /* ForecastCell.swift in Sources */ = {isa = PBXBuildFile; fileRef = 3C96A02F26851CAD00ECEE46 /* ForecastCell.swift */; };
		3C96A03826875E8A00ECEE46 /* SearchCityController.swift in Sources */ = {isa = PBXBuildFile; fileRef = 3C96A03726875E8A00ECEE46 /* SearchCityController.swift */; };
		3C96A03D2688CBB100ECEE46 /* LocationCell.swift in Sources */ = {isa = PBXBuildFile; fileRef = 3C96A03C2688CBB000ECEE46 /* LocationCell.swift */; };
/* End PBXBuildFile section */

/* Begin PBXFileReference section */
		3C28D7B4267A293A005461D7 /* yr-clone.app */ = {isa = PBXFileReference; explicitFileType = wrapper.application; includeInIndex = 0; path = "yr-clone.app"; sourceTree = BUILT_PRODUCTS_DIR; };
		3C28D7B7267A293A005461D7 /* AppDelegate.swift */ = {isa = PBXFileReference; lastKnownFileType = sourcecode.swift; path = AppDelegate.swift; sourceTree = "<group>"; };
		3C28D7B9267A293A005461D7 /* SceneDelegate.swift */ = {isa = PBXFileReference; lastKnownFileType = sourcecode.swift; path = SceneDelegate.swift; sourceTree = "<group>"; };
		3C28D7BB267A293A005461D7 /* ViewController.swift */ = {isa = PBXFileReference; lastKnownFileType = sourcecode.swift; path = ViewController.swift; sourceTree = "<group>"; };
		3C28D7BE267A293A005461D7 /* Base */ = {isa = PBXFileReference; lastKnownFileType = file.storyboard; name = Base; path = Base.lproj/Main.storyboard; sourceTree = "<group>"; };
		3C28D7C0267A293D005461D7 /* Assets.xcassets */ = {isa = PBXFileReference; lastKnownFileType = folder.assetcatalog; path = Assets.xcassets; sourceTree = "<group>"; };
		3C28D7C3267A293D005461D7 /* Base */ = {isa = PBXFileReference; lastKnownFileType = file.storyboard; name = Base; path = Base.lproj/LaunchScreen.storyboard; sourceTree = "<group>"; };
		3C28D7C5267A293D005461D7 /* Info.plist */ = {isa = PBXFileReference; lastKnownFileType = text.plist.xml; path = Info.plist; sourceTree = "<group>"; };
		3C28D7CF267A312E005461D7 /* SettingsController.swift */ = {isa = PBXFileReference; lastKnownFileType = sourcecode.swift; path = SettingsController.swift; sourceTree = "<group>"; };
		3C28D7D3267A3164005461D7 /* WeatherMapController.swift */ = {isa = PBXFileReference; lastKnownFileType = sourcecode.swift; path = WeatherMapController.swift; sourceTree = "<group>"; };
		3C28D7D6267A3184005461D7 /* ForecastController.swift */ = {isa = PBXFileReference; lastKnownFileType = sourcecode.swift; path = ForecastController.swift; sourceTree = "<group>"; };
		3C28D7D9267A3785005461D7 /* FavoritesController.swift */ = {isa = PBXFileReference; lastKnownFileType = sourcecode.swift; path = FavoritesController.swift; sourceTree = "<group>"; };
		3C6BCACE268A527400CC8D6B /* FavoriteCell.swift */ = {isa = PBXFileReference; lastKnownFileType = sourcecode.swift; path = FavoriteCell.swift; sourceTree = "<group>"; };
		3C8C0E13267A4CD2003E2B45 /* Service.swift */ = {isa = PBXFileReference; lastKnownFileType = sourcecode.swift; path = Service.swift; sourceTree = "<group>"; };
		3C8C0E16267A54AC003E2B45 /* SettingsCell.swift */ = {isa = PBXFileReference; lastKnownFileType = sourcecode.swift; path = SettingsCell.swift; sourceTree = "<group>"; };
		3C8C0E1E267A6F27003E2B45 /* Extensions.swift */ = {isa = PBXFileReference; lastKnownFileType = sourcecode.swift; path = Extensions.swift; sourceTree = "<group>"; };
		3C8C0E21267A73AC003E2B45 /* SettingsRow.swift */ = {isa = PBXFileReference; lastKnownFileType = sourcecode.swift; path = SettingsRow.swift; sourceTree = "<group>"; };
		3C96A01B267B31A900ECEE46 /* SetSettingController.swift */ = {isa = PBXFileReference; lastKnownFileType = sourcecode.swift; path = SetSettingController.swift; sourceTree = "<group>"; };
		3C96A021267E025C00ECEE46 /* DummyData.swift */ = {isa = PBXFileReference; lastKnownFileType = sourcecode.swift; path = DummyData.swift; sourceTree = "<group>"; };
		3C96A024267F539100ECEE46 /* Weather.swift */ = {isa = PBXFileReference; lastKnownFileType = sourcecode.swift; path = Weather.swift; sourceTree = "<group>"; };
		3C96A02C267F599D00ECEE46 /* WeatherManager.swift */ = {isa = PBXFileReference; lastKnownFileType = sourcecode.swift; path = WeatherManager.swift; sourceTree = "<group>"; };
		3C96A02F26851CAD00ECEE46 /* ForecastCell.swift */ = {isa = PBXFileReference; lastKnownFileType = sourcecode.swift; path = ForecastCell.swift; sourceTree = "<group>"; };
		3C96A03726875E8A00ECEE46 /* SearchCityController.swift */ = {isa = PBXFileReference; lastKnownFileType = sourcecode.swift; path = SearchCityController.swift; sourceTree = "<group>"; };
		3C96A03C2688CBB000ECEE46 /* LocationCell.swift */ = {isa = PBXFileReference; lastKnownFileType = sourcecode.swift; path = LocationCell.swift; sourceTree = "<group>"; };
/* End PBXFileReference section */

/* Begin PBXFrameworksBuildPhase section */
		3C28D7B1267A293A005461D7 /* Frameworks */ = {
			isa = PBXFrameworksBuildPhase;
			buildActionMask = 2147483647;
			files = (
			);
			runOnlyForDeploymentPostprocessing = 0;
		};
/* End PBXFrameworksBuildPhase section */

/* Begin PBXGroup section */
		3C28D7AB267A293A005461D7 = {
			isa = PBXGroup;
			children = (
				3C28D7B6267A293A005461D7 /* yr-clone */,
				3C28D7B5267A293A005461D7 /* Products */,
			);
			sourceTree = "<group>";
		};
		3C28D7B5267A293A005461D7 /* Products */ = {
			isa = PBXGroup;
			children = (
				3C28D7B4267A293A005461D7 /* yr-clone.app */,
			);
			name = Products;
			sourceTree = "<group>";
		};
		3C28D7B6267A293A005461D7 /* yr-clone */ = {
			isa = PBXGroup;
			children = (
				3C28D7CC267A30FB005461D7 /* Model */,
				3C28D7CD267A3101005461D7 /* View */,
				3C28D7CE267A3107005461D7 /* Controller */,
				3C8C0E19267A6EF1003E2B45 /* Utils */,
				3C28D7B7267A293A005461D7 /* AppDelegate.swift */,
				3C28D7B9267A293A005461D7 /* SceneDelegate.swift */,
				3C28D7BB267A293A005461D7 /* ViewController.swift */,
				3C28D7BD267A293A005461D7 /* Main.storyboard */,
				3C28D7C0267A293D005461D7 /* Assets.xcassets */,
				3C28D7C2267A293D005461D7 /* LaunchScreen.storyboard */,
				3C28D7C5267A293D005461D7 /* Info.plist */,
			);
			path = "yr-clone";
			sourceTree = "<group>";
		};
		3C28D7CC267A30FB005461D7 /* Model */ = {
			isa = PBXGroup;
			children = (
				3C8C0E21267A73AC003E2B45 /* SettingsRow.swift */,
				3C96A024267F539100ECEE46 /* Weather.swift */,
			);
			path = Model;
			sourceTree = "<group>";
		};
		3C28D7CD267A3101005461D7 /* View */ = {
			isa = PBXGroup;
			children = (
				3C8C0E16267A54AC003E2B45 /* SettingsCell.swift */,
				3C96A02F26851CAD00ECEE46 /* ForecastCell.swift */,
				3C96A03C2688CBB000ECEE46 /* LocationCell.swift */,
				3C6BCACE268A527400CC8D6B /* FavoriteCell.swift */,
			);
			path = View;
			sourceTree = "<group>";
		};
		3C28D7CE267A3107005461D7 /* Controller */ = {
			isa = PBXGroup;
			children = (
				3C28D7D3267A3164005461D7 /* WeatherMapController.swift */,
				3C28D7D6267A3184005461D7 /* ForecastController.swift */,
				3C28D7D9267A3785005461D7 /* FavoritesController.swift */,
				3C96A01B267B31A900ECEE46 /* SetSettingController.swift */,
				3C96A03726875E8A00ECEE46 /* SearchCityController.swift */,
				3C28D7CF267A312E005461D7 /* SettingsController.swift */,
			);
			path = Controller;
			sourceTree = "<group>";
		};
		3C8C0E19267A6EF1003E2B45 /* Utils */ = {
			isa = PBXGroup;
			children = (
				3C8C0E13267A4CD2003E2B45 /* Service.swift */,
				3C8C0E1E267A6F27003E2B45 /* Extensions.swift */,
				3C96A021267E025C00ECEE46 /* DummyData.swift */,
				3C96A02C267F599D00ECEE46 /* WeatherManager.swift */,
			);
			path = Utils;
			sourceTree = "<group>";
		};
/* End PBXGroup section */

/* Begin PBXNativeTarget section */
		3C28D7B3267A293A005461D7 /* yr-clone */ = {
			isa = PBXNativeTarget;
			buildConfigurationList = 3C28D7C8267A293D005461D7 /* Build configuration list for PBXNativeTarget "yr-clone" */;
			buildPhases = (
				3C28D7B0267A293A005461D7 /* Sources */,
				3C28D7B1267A293A005461D7 /* Frameworks */,
				3C28D7B2267A293A005461D7 /* Resources */,
			);
			buildRules = (
			);
			dependencies = (
			);
			name = "yr-clone";
			productName = "yr-clone";
			productReference = 3C28D7B4267A293A005461D7 /* yr-clone.app */;
			productType = "com.apple.product-type.application";
		};
/* End PBXNativeTarget section */

/* Begin PBXProject section */
		3C28D7AC267A293A005461D7 /* Project object */ = {
			isa = PBXProject;
			attributes = {
				LastSwiftUpdateCheck = 1240;
				LastUpgradeCheck = 1240;
				TargetAttributes = {
					3C28D7B3267A293A005461D7 = {
						CreatedOnToolsVersion = 12.4;
					};
				};
			};
			buildConfigurationList = 3C28D7AF267A293A005461D7 /* Build configuration list for PBXProject "yr-clone" */;
			compatibilityVersion = "Xcode 9.3";
			developmentRegion = en;
			hasScannedForEncodings = 0;
			knownRegions = (
				en,
				Base,
			);
			mainGroup = 3C28D7AB267A293A005461D7;
			productRefGroup = 3C28D7B5267A293A005461D7 /* Products */;
			projectDirPath = "";
			projectRoot = "";
			targets = (
				3C28D7B3267A293A005461D7 /* yr-clone */,
			);
		};
/* End PBXProject section */

/* Begin PBXResourcesBuildPhase section */
		3C28D7B2267A293A005461D7 /* Resources */ = {
			isa = PBXResourcesBuildPhase;
			buildActionMask = 2147483647;
			files = (
				3C28D7C4267A293D005461D7 /* LaunchScreen.storyboard in Resources */,
				3C28D7C1267A293D005461D7 /* Assets.xcassets in Resources */,
				3C28D7BF267A293A005461D7 /* Main.storyboard in Resources */,
			);
			runOnlyForDeploymentPostprocessing = 0;
		};
/* End PBXResourcesBuildPhase section */

/* Begin PBXSourcesBuildPhase section */
		3C28D7B0267A293A005461D7 /* Sources */ = {
			isa = PBXSourcesBuildPhase;
			buildActionMask = 2147483647;
			files = (
				3C28D7D0267A312E005461D7 /* SettingsController.swift in Sources */,
				3C8C0E14267A4CD2003E2B45 /* Service.swift in Sources */,
				3C8C0E17267A54AC003E2B45 /* SettingsCell.swift in Sources */,
				3C28D7BC267A293A005461D7 /* ViewController.swift in Sources */,
				3C96A03026851CAD00ECEE46 /* ForecastCell.swift in Sources */,
				3C96A025267F539100ECEE46 /* Weather.swift in Sources */,
				3C96A03D2688CBB100ECEE46 /* LocationCell.swift in Sources */,
				3C96A03826875E8A00ECEE46 /* SearchCityController.swift in Sources */,
				3C28D7B8267A293A005461D7 /* AppDelegate.swift in Sources */,
				3C8C0E1F267A6F27003E2B45 /* Extensions.swift in Sources */,
				3C28D7D4267A3164005461D7 /* WeatherMapController.swift in Sources */,
				3C28D7DA267A3785005461D7 /* FavoritesController.swift in Sources */,
				3C8C0E22267A73AC003E2B45 /* SettingsRow.swift in Sources */,
				3C96A022267E025C00ECEE46 /* DummyData.swift in Sources */,
				3C28D7D7267A3184005461D7 /* ForecastController.swift in Sources */,
				3C6BCACF268A527400CC8D6B /* FavoriteCell.swift in Sources */,
				3C96A02D267F599D00ECEE46 /* WeatherManager.swift in Sources */,
				3C28D7BA267A293A005461D7 /* SceneDelegate.swift in Sources */,
				3C96A01C267B31A900ECEE46 /* SetSettingController.swift in Sources */,
			);
			runOnlyForDeploymentPostprocessing = 0;
		};
/* End PBXSourcesBuildPhase section */

/* Begin PBXVariantGroup section */
		3C28D7BD267A293A005461D7 /* Main.storyboard */ = {
			isa = PBXVariantGroup;
			children = (
				3C28D7BE267A293A005461D7 /* Base */,
			);
			name = Main.storyboard;
			sourceTree = "<group>";
		};
		3C28D7C2267A293D005461D7 /* LaunchScreen.storyboard */ = {
			isa = PBXVariantGroup;
			children = (
				3C28D7C3267A293D005461D7 /* Base */,
			);
			name = LaunchScreen.storyboard;
			sourceTree = "<group>";
		};
/* End PBXVariantGroup section */

/* Begin XCBuildConfiguration section */
		3C28D7C6267A293D005461D7 /* Debug */ = {
			isa = XCBuildConfiguration;
			buildSettings = {
				ALWAYS_SEARCH_USER_PATHS = NO;
				CLANG_ANALYZER_NONNULL = YES;
				CLANG_ANALYZER_NUMBER_OBJECT_CONVERSION = YES_AGGRESSIVE;
				CLANG_CXX_LANGUAGE_STANDARD = "gnu++14";
				CLANG_CXX_LIBRARY = "libc++";
				CLANG_ENABLE_MODULES = YES;
				CLANG_ENABLE_OBJC_ARC = YES;
				CLANG_ENABLE_OBJC_WEAK = YES;
				CLANG_WARN_BLOCK_CAPTURE_AUTORELEASING = YES;
				CLANG_WARN_BOOL_CONVERSION = YES;
				CLANG_WARN_COMMA = YES;
				CLANG_WARN_CONSTANT_CONVERSION = YES;
				CLANG_WARN_DEPRECATED_OBJC_IMPLEMENTATIONS = YES;
				CLANG_WARN_DIRECT_OBJC_ISA_USAGE = YES_ERROR;
				CLANG_WARN_DOCUMENTATION_COMMENTS = YES;
				CLANG_WARN_EMPTY_BODY = YES;
				CLANG_WARN_ENUM_CONVERSION = YES;
				CLANG_WARN_INFINITE_RECURSION = YES;
				CLANG_WARN_INT_CONVERSION = YES;
				CLANG_WARN_NON_LITERAL_NULL_CONVERSION = YES;
				CLANG_WARN_OBJC_IMPLICIT_RETAIN_SELF = YES;
				CLANG_WARN_OBJC_LITERAL_CONVERSION = YES;
				CLANG_WARN_OBJC_ROOT_CLASS = YES_ERROR;
				CLANG_WARN_QUOTED_INCLUDE_IN_FRAMEWORK_HEADER = YES;
				CLANG_WARN_RANGE_LOOP_ANALYSIS = YES;
				CLANG_WARN_STRICT_PROTOTYPES = YES;
				CLANG_WARN_SUSPICIOUS_MOVE = YES;
				CLANG_WARN_UNGUARDED_AVAILABILITY = YES_AGGRESSIVE;
				CLANG_WARN_UNREACHABLE_CODE = YES;
				CLANG_WARN__DUPLICATE_METHOD_MATCH = YES;
				COPY_PHASE_STRIP = NO;
				DEBUG_INFORMATION_FORMAT = dwarf;
				ENABLE_STRICT_OBJC_MSGSEND = YES;
				ENABLE_TESTABILITY = YES;
				GCC_C_LANGUAGE_STANDARD = gnu11;
				GCC_DYNAMIC_NO_PIC = NO;
				GCC_NO_COMMON_BLOCKS = YES;
				GCC_OPTIMIZATION_LEVEL = 0;
				GCC_PREPROCESSOR_DEFINITIONS = (
					"DEBUG=1",
					"$(inherited)",
				);
				GCC_WARN_64_TO_32_BIT_CONVERSION = YES;
				GCC_WARN_ABOUT_RETURN_TYPE = YES_ERROR;
				GCC_WARN_UNDECLARED_SELECTOR = YES;
				GCC_WARN_UNINITIALIZED_AUTOS = YES_AGGRESSIVE;
				GCC_WARN_UNUSED_FUNCTION = YES;
				GCC_WARN_UNUSED_VARIABLE = YES;
				IPHONEOS_DEPLOYMENT_TARGET = 14.4;
				MTL_ENABLE_DEBUG_INFO = INCLUDE_SOURCE;
				MTL_FAST_MATH = YES;
				ONLY_ACTIVE_ARCH = YES;
				SDKROOT = iphoneos;
				SWIFT_ACTIVE_COMPILATION_CONDITIONS = DEBUG;
				SWIFT_OPTIMIZATION_LEVEL = "-Onone";
			};
			name = Debug;
		};
		3C28D7C7267A293D005461D7 /* Release */ = {
			isa = XCBuildConfiguration;
			buildSettings = {
				ALWAYS_SEARCH_USER_PATHS = NO;
				CLANG_ANALYZER_NONNULL = YES;
				CLANG_ANALYZER_NUMBER_OBJECT_CONVERSION = YES_AGGRESSIVE;
				CLANG_CXX_LANGUAGE_STANDARD = "gnu++14";
				CLANG_CXX_LIBRARY = "libc++";
				CLANG_ENABLE_MODULES = YES;
				CLANG_ENABLE_OBJC_ARC = YES;
				CLANG_ENABLE_OBJC_WEAK = YES;
				CLANG_WARN_BLOCK_CAPTURE_AUTORELEASING = YES;
				CLANG_WARN_BOOL_CONVERSION = YES;
				CLANG_WARN_COMMA = YES;
				CLANG_WARN_CONSTANT_CONVERSION = YES;
				CLANG_WARN_DEPRECATED_OBJC_IMPLEMENTATIONS = YES;
				CLANG_WARN_DIRECT_OBJC_ISA_USAGE = YES_ERROR;
				CLANG_WARN_DOCUMENTATION_COMMENTS = YES;
				CLANG_WARN_EMPTY_BODY = YES;
				CLANG_WARN_ENUM_CONVERSION = YES;
				CLANG_WARN_INFINITE_RECURSION = YES;
				CLANG_WARN_INT_CONVERSION = YES;
				CLANG_WARN_NON_LITERAL_NULL_CONVERSION = YES;
				CLANG_WARN_OBJC_IMPLICIT_RETAIN_SELF = YES;
				CLANG_WARN_OBJC_LITERAL_CONVERSION = YES;
				CLANG_WARN_OBJC_ROOT_CLASS = YES_ERROR;
				CLANG_WARN_QUOTED_INCLUDE_IN_FRAMEWORK_HEADER = YES;
				CLANG_WARN_RANGE_LOOP_ANALYSIS = YES;
				CLANG_WARN_STRICT_PROTOTYPES = YES;
				CLANG_WARN_SUSPICIOUS_MOVE = YES;
				CLANG_WARN_UNGUARDED_AVAILABILITY = YES_AGGRESSIVE;
				CLANG_WARN_UNREACHABLE_CODE = YES;
				CLANG_WARN__DUPLICATE_METHOD_MATCH = YES;
				COPY_PHASE_STRIP = NO;
				DEBUG_INFORMATION_FORMAT = "dwarf-with-dsym";
				ENABLE_NS_ASSERTIONS = NO;
				ENABLE_STRICT_OBJC_MSGSEND = YES;
				GCC_C_LANGUAGE_STANDARD = gnu11;
				GCC_NO_COMMON_BLOCKS = YES;
				GCC_WARN_64_TO_32_BIT_CONVERSION = YES;
				GCC_WARN_ABOUT_RETURN_TYPE = YES_ERROR;
				GCC_WARN_UNDECLARED_SELECTOR = YES;
				GCC_WARN_UNINITIALIZED_AUTOS = YES_AGGRESSIVE;
				GCC_WARN_UNUSED_FUNCTION = YES;
				GCC_WARN_UNUSED_VARIABLE = YES;
				IPHONEOS_DEPLOYMENT_TARGET = 14.4;
				MTL_ENABLE_DEBUG_INFO = NO;
				MTL_FAST_MATH = YES;
				SDKROOT = iphoneos;
				SWIFT_COMPILATION_MODE = wholemodule;
				SWIFT_OPTIMIZATION_LEVEL = "-O";
				VALIDATE_PRODUCT = YES;
			};
			name = Release;
		};
		3C28D7C9267A293D005461D7 /* Debug */ = {
			isa = XCBuildConfiguration;
			buildSettings = {
				ASSETCATALOG_COMPILER_APPICON_NAME = AppIcon;
				ASSETCATALOG_COMPILER_GLOBAL_ACCENT_COLOR_NAME = AccentColor;
				CODE_SIGN_STYLE = Automatic;
				DEVELOPMENT_TEAM = N2AN582NW2;
				INFOPLIST_FILE = "yr-clone/Info.plist";
				LD_RUNPATH_SEARCH_PATHS = (
					"$(inherited)",
					"@executable_path/Frameworks",
				);
				PRODUCT_BUNDLE_IDENTIFIER = "com.marchelmon.yr-clone";
				PRODUCT_NAME = "$(TARGET_NAME)";
				SWIFT_VERSION = 5.0;
				TARGETED_DEVICE_FAMILY = "1,2";
			};
			name = Debug;
		};
		3C28D7CA267A293D005461D7 /* Release */ = {
			isa = XCBuildConfiguration;
			buildSettings = {
				ASSETCATALOG_COMPILER_APPICON_NAME = AppIcon;
				ASSETCATALOG_COMPILER_GLOBAL_ACCENT_COLOR_NAME = AccentColor;
				CODE_SIGN_STYLE = Automatic;
				DEVELOPMENT_TEAM = N2AN582NW2;
				INFOPLIST_FILE = "yr-clone/Info.plist";
				LD_RUNPATH_SEARCH_PATHS = (
					"$(inherited)",
					"@executable_path/Frameworks",
				);
				PRODUCT_BUNDLE_IDENTIFIER = "com.marchelmon.yr-clone";
				PRODUCT_NAME = "$(TARGET_NAME)";
				SWIFT_VERSION = 5.0;
				TARGETED_DEVICE_FAMILY = "1,2";
			};
			name = Release;
		};
/* End XCBuildConfiguration section */

/* Begin XCConfigurationList section */
		3C28D7AF267A293A005461D7 /* Build configuration list for PBXProject "yr-clone" */ = {
			isa = XCConfigurationList;
			buildConfigurations = (
				3C28D7C6267A293D005461D7 /* Debug */,
				3C28D7C7267A293D005461D7 /* Release */,
			);
			defaultConfigurationIsVisible = 0;
			defaultConfigurationName = Release;
		};
		3C28D7C8267A293D005461D7 /* Build configuration list for PBXNativeTarget "yr-clone" */ = {
			isa = XCConfigurationList;
			buildConfigurations = (
				3C28D7C9267A293D005461D7 /* Debug */,
				3C28D7CA267A293D005461D7 /* Release */,
			);
			defaultConfigurationIsVisible = 0;
			defaultConfigurationName = Release;
		};
/* End XCConfigurationList section */
	};
	rootObject = 3C28D7AC267A293A005461D7 /* Project object */;
}
